// !$*UTF8*$!
{
	archiveVersion = 1;
	classes = {
	};
	objectVersion = 46;
	objects = {

/* Begin PBXBuildFile section */
		8C8617D067E49BDD6001184D /* libPods.a in Frameworks */ = {isa = PBXBuildFile; fileRef = 744FD1A582BF355D22E0784B /* libPods.a */; };
		B64891EC1A0307E500573C27 /* main.m in Sources */ = {isa = PBXBuildFile; fileRef = B64891EB1A0307E500573C27 /* main.m */; };
		B64891EF1A0307E500573C27 /* AppDelegate.m in Sources */ = {isa = PBXBuildFile; fileRef = B64891EE1A0307E500573C27 /* AppDelegate.m */; };
		B64891F71A0307E500573C27 /* Images.xcassets in Resources */ = {isa = PBXBuildFile; fileRef = B64891F61A0307E500573C27 /* Images.xcassets */; };
		B64891FA1A0307E500573C27 /* LaunchScreen.xib in Resources */ = {isa = PBXBuildFile; fileRef = B64891F81A0307E500573C27 /* LaunchScreen.xib */; };
		B64892061A0307E500573C27 /* TwitterCodepathTests.m in Sources */ = {isa = PBXBuildFile; fileRef = B64892051A0307E500573C27 /* TwitterCodepathTests.m */; };
		B64892121A030BA300573C27 /* LoginViewController.m in Sources */ = {isa = PBXBuildFile; fileRef = B64892101A030BA300573C27 /* LoginViewController.m */; };
		B64892131A030BA300573C27 /* LoginViewController.xib in Resources */ = {isa = PBXBuildFile; fileRef = B64892111A030BA300573C27 /* LoginViewController.xib */; };
		B69F6F791A0411C000B27398 /* TwitterClient.m in Sources */ = {isa = PBXBuildFile; fileRef = B69F6F781A0411C000B27398 /* TwitterClient.m */; };
		B69F6F7D1A0438C100B27398 /* Tweet.m in Sources */ = {isa = PBXBuildFile; fileRef = B69F6F7C1A0438C100B27398 /* Tweet.m */; };
		B69F6F801A0438CD00B27398 /* User.m in Sources */ = {isa = PBXBuildFile; fileRef = B69F6F7F1A0438CD00B27398 /* User.m */; };
		B69F6F841A06AE0300B27398 /* TweetsViewController.m in Sources */ = {isa = PBXBuildFile; fileRef = B69F6F821A06AE0300B27398 /* TweetsViewController.m */; };
		B69F6F851A06AE0300B27398 /* TweetsViewController.xib in Resources */ = {isa = PBXBuildFile; fileRef = B69F6F831A06AE0300B27398 /* TweetsViewController.xib */; };
		B69F6F891A06FCCF00B27398 /* ComposeViewController.m in Sources */ = {isa = PBXBuildFile; fileRef = B69F6F871A06FCCF00B27398 /* ComposeViewController.m */; };
		B69F6F8A1A06FCCF00B27398 /* ComposeViewController.xib in Resources */ = {isa = PBXBuildFile; fileRef = B69F6F881A06FCCF00B27398 /* ComposeViewController.xib */; };
		B69F6F8E1A06FE6400B27398 /* TweetViewCell.m in Sources */ = {isa = PBXBuildFile; fileRef = B69F6F8C1A06FE6400B27398 /* TweetViewCell.m */; };
		B69F6F8F1A06FE6400B27398 /* TweetViewCell.xib in Resources */ = {isa = PBXBuildFile; fileRef = B69F6F8D1A06FE6400B27398 /* TweetViewCell.xib */; };
		B69F6F921A07343900B27398 /* TweetsDetailViewController.m in Sources */ = {isa = PBXBuildFile; fileRef = B69F6F911A07343900B27398 /* TweetsDetailViewController.m */; };
/* End PBXBuildFile section */

/* Begin PBXContainerItemProxy section */
		B64892001A0307E500573C27 /* PBXContainerItemProxy */ = {
			isa = PBXContainerItemProxy;
			containerPortal = B64891DE1A0307E500573C27 /* Project object */;
			proxyType = 1;
			remoteGlobalIDString = B64891E51A0307E500573C27;
			remoteInfo = TwitterCodepath;
		};
/* End PBXContainerItemProxy section */

/* Begin PBXFileReference section */
		744FD1A582BF355D22E0784B /* libPods.a */ = {isa = PBXFileReference; explicitFileType = archive.ar; includeInIndex = 0; path = libPods.a; sourceTree = BUILT_PRODUCTS_DIR; };
		88543E1B45C77E4BCEB23DF7 /* Pods.release.xcconfig */ = {isa = PBXFileReference; includeInIndex = 1; lastKnownFileType = text.xcconfig; name = Pods.release.xcconfig; path = "Pods/Target Support Files/Pods/Pods.release.xcconfig"; sourceTree = "<group>"; };
		B00FFC4C7CD85860BD9FD15F /* Pods.debug.xcconfig */ = {isa = PBXFileReference; includeInIndex = 1; lastKnownFileType = text.xcconfig; name = Pods.debug.xcconfig; path = "Pods/Target Support Files/Pods/Pods.debug.xcconfig"; sourceTree = "<group>"; };
		B64891E61A0307E500573C27 /* TwitterCodepath.app */ = {isa = PBXFileReference; explicitFileType = wrapper.application; includeInIndex = 0; path = TwitterCodepath.app; sourceTree = BUILT_PRODUCTS_DIR; };
		B64891EA1A0307E500573C27 /* Info.plist */ = {isa = PBXFileReference; lastKnownFileType = text.plist.xml; path = Info.plist; sourceTree = "<group>"; };
		B64891EB1A0307E500573C27 /* main.m */ = {isa = PBXFileReference; lastKnownFileType = sourcecode.c.objc; path = main.m; sourceTree = "<group>"; };
		B64891ED1A0307E500573C27 /* AppDelegate.h */ = {isa = PBXFileReference; lastKnownFileType = sourcecode.c.h; path = AppDelegate.h; sourceTree = "<group>"; };
		B64891EE1A0307E500573C27 /* AppDelegate.m */ = {isa = PBXFileReference; lastKnownFileType = sourcecode.c.objc; path = AppDelegate.m; sourceTree = "<group>"; };
		B64891F61A0307E500573C27 /* Images.xcassets */ = {isa = PBXFileReference; lastKnownFileType = folder.assetcatalog; path = Images.xcassets; sourceTree = "<group>"; };
		B64891F91A0307E500573C27 /* Base */ = {isa = PBXFileReference; lastKnownFileType = file.xib; name = Base; path = Base.lproj/LaunchScreen.xib; sourceTree = "<group>"; };
		B64891FF1A0307E500573C27 /* TwitterCodepathTests.xctest */ = {isa = PBXFileReference; explicitFileType = wrapper.cfbundle; includeInIndex = 0; path = TwitterCodepathTests.xctest; sourceTree = BUILT_PRODUCTS_DIR; };
		B64892041A0307E500573C27 /* Info.plist */ = {isa = PBXFileReference; lastKnownFileType = text.plist.xml; path = Info.plist; sourceTree = "<group>"; };
		B64892051A0307E500573C27 /* TwitterCodepathTests.m */ = {isa = PBXFileReference; lastKnownFileType = sourcecode.c.objc; path = TwitterCodepathTests.m; sourceTree = "<group>"; };
		B648920F1A030BA300573C27 /* LoginViewController.h */ = {isa = PBXFileReference; fileEncoding = 4; lastKnownFileType = sourcecode.c.h; path = LoginViewController.h; sourceTree = "<group>"; };
		B64892101A030BA300573C27 /* LoginViewController.m */ = {isa = PBXFileReference; fileEncoding = 4; lastKnownFileType = sourcecode.c.objc; path = LoginViewController.m; sourceTree = "<group>"; };
		B64892111A030BA300573C27 /* LoginViewController.xib */ = {isa = PBXFileReference; fileEncoding = 4; lastKnownFileType = file.xib; path = LoginViewController.xib; sourceTree = "<group>"; };
		B69F6F771A0411C000B27398 /* TwitterClient.h */ = {isa = PBXFileReference; fileEncoding = 4; lastKnownFileType = sourcecode.c.h; path = TwitterClient.h; sourceTree = "<group>"; };
		B69F6F781A0411C000B27398 /* TwitterClient.m */ = {isa = PBXFileReference; fileEncoding = 4; lastKnownFileType = sourcecode.c.objc; path = TwitterClient.m; sourceTree = "<group>"; };
		B69F6F7B1A0438C100B27398 /* Tweet.h */ = {isa = PBXFileReference; fileEncoding = 4; lastKnownFileType = sourcecode.c.h; path = Tweet.h; sourceTree = "<group>"; };
		B69F6F7C1A0438C100B27398 /* Tweet.m */ = {isa = PBXFileReference; fileEncoding = 4; lastKnownFileType = sourcecode.c.objc; path = Tweet.m; sourceTree = "<group>"; };
		B69F6F7E1A0438CD00B27398 /* User.h */ = {isa = PBXFileReference; fileEncoding = 4; lastKnownFileType = sourcecode.c.h; path = User.h; sourceTree = "<group>"; };
		B69F6F7F1A0438CD00B27398 /* User.m */ = {isa = PBXFileReference; fileEncoding = 4; lastKnownFileType = sourcecode.c.objc; path = User.m; sourceTree = "<group>"; };
		B69F6F811A06AE0300B27398 /* TweetsViewController.h */ = {isa = PBXFileReference; fileEncoding = 4; lastKnownFileType = sourcecode.c.h; path = TweetsViewController.h; sourceTree = "<group>"; };
		B69F6F821A06AE0300B27398 /* TweetsViewController.m */ = {isa = PBXFileReference; fileEncoding = 4; lastKnownFileType = sourcecode.c.objc; path = TweetsViewController.m; sourceTree = "<group>"; };
		B69F6F831A06AE0300B27398 /* TweetsViewController.xib */ = {isa = PBXFileReference; fileEncoding = 4; lastKnownFileType = file.xib; path = TweetsViewController.xib; sourceTree = "<group>"; };
		B69F6F861A06FCCF00B27398 /* ComposeViewController.h */ = {isa = PBXFileReference; fileEncoding = 4; lastKnownFileType = sourcecode.c.h; path = ComposeViewController.h; sourceTree = "<group>"; };
		B69F6F871A06FCCF00B27398 /* ComposeViewController.m */ = {isa = PBXFileReference; fileEncoding = 4; lastKnownFileType = sourcecode.c.objc; path = ComposeViewController.m; sourceTree = "<group>"; };
		B69F6F881A06FCCF00B27398 /* ComposeViewController.xib */ = {isa = PBXFileReference; fileEncoding = 4; lastKnownFileType = file.xib; path = ComposeViewController.xib; sourceTree = "<group>"; };
		B69F6F8B1A06FE6400B27398 /* TweetViewCell.h */ = {isa = PBXFileReference; fileEncoding = 4; lastKnownFileType = sourcecode.c.h; path = TweetViewCell.h; sourceTree = "<group>"; };
		B69F6F8C1A06FE6400B27398 /* TweetViewCell.m */ = {isa = PBXFileReference; fileEncoding = 4; lastKnownFileType = sourcecode.c.objc; path = TweetViewCell.m; sourceTree = "<group>"; };
		B69F6F8D1A06FE6400B27398 /* TweetViewCell.xib */ = {isa = PBXFileReference; fileEncoding = 4; lastKnownFileType = file.xib; path = TweetViewCell.xib; sourceTree = "<group>"; };
		B69F6F901A07343900B27398 /* TweetsDetailViewController.h */ = {isa = PBXFileReference; fileEncoding = 4; lastKnownFileType = sourcecode.c.h; path = TweetsDetailViewController.h; sourceTree = "<group>"; };
		B69F6F911A07343900B27398 /* TweetsDetailViewController.m */ = {isa = PBXFileReference; fileEncoding = 4; lastKnownFileType = sourcecode.c.objc; path = TweetsDetailViewController.m; sourceTree = "<group>"; };
/* End PBXFileReference section */

/* Begin PBXFrameworksBuildPhase section */
		B64891E31A0307E500573C27 /* Frameworks */ = {
			isa = PBXFrameworksBuildPhase;
			buildActionMask = 2147483647;
			files = (
				8C8617D067E49BDD6001184D /* libPods.a in Frameworks */,
			);
			runOnlyForDeploymentPostprocessing = 0;
		};
		B64891FC1A0307E500573C27 /* Frameworks */ = {
			isa = PBXFrameworksBuildPhase;
			buildActionMask = 2147483647;
			files = (
			);
			runOnlyForDeploymentPostprocessing = 0;
		};
/* End PBXFrameworksBuildPhase section */

/* Begin PBXGroup section */
		4A0BAB244F2957EC470EAD97 /* Pods */ = {
			isa = PBXGroup;
			children = (
				B00FFC4C7CD85860BD9FD15F /* Pods.debug.xcconfig */,
				88543E1B45C77E4BCEB23DF7 /* Pods.release.xcconfig */,
			);
			name = Pods;
			sourceTree = "<group>";
		};
		6C21668ACA49CD9E06E86FD4 /* Frameworks */ = {
			isa = PBXGroup;
			children = (
				744FD1A582BF355D22E0784B /* libPods.a */,
			);
			name = Frameworks;
			sourceTree = "<group>";
		};
		B64891DD1A0307E500573C27 = {
			isa = PBXGroup;
			children = (
				B64891E81A0307E500573C27 /* TwitterCodepath */,
				B64892021A0307E500573C27 /* TwitterCodepathTests */,
				B64891E71A0307E500573C27 /* Products */,
				4A0BAB244F2957EC470EAD97 /* Pods */,
				6C21668ACA49CD9E06E86FD4 /* Frameworks */,
			);
			sourceTree = "<group>";
		};
		B64891E71A0307E500573C27 /* Products */ = {
			isa = PBXGroup;
			children = (
				B64891E61A0307E500573C27 /* TwitterCodepath.app */,
				B64891FF1A0307E500573C27 /* TwitterCodepathTests.xctest */,
			);
			name = Products;
			sourceTree = "<group>";
		};
		B64891E81A0307E500573C27 /* TwitterCodepath */ = {
			isa = PBXGroup;
			children = (
				B69F6F7A1A04361600B27398 /* Models */,
				B64891ED1A0307E500573C27 /* AppDelegate.h */,
				B64891EE1A0307E500573C27 /* AppDelegate.m */,
				B64891F61A0307E500573C27 /* Images.xcassets */,
				B64891F81A0307E500573C27 /* LaunchScreen.xib */,
				B64891E91A0307E500573C27 /* Supporting Files */,
				B648920F1A030BA300573C27 /* LoginViewController.h */,
				B64892101A030BA300573C27 /* LoginViewController.m */,
				B64892111A030BA300573C27 /* LoginViewController.xib */,
				B69F6F771A0411C000B27398 /* TwitterClient.h */,
				B69F6F781A0411C000B27398 /* TwitterClient.m */,
				B69F6F811A06AE0300B27398 /* TweetsViewController.h */,
				B69F6F821A06AE0300B27398 /* TweetsViewController.m */,
				B69F6F831A06AE0300B27398 /* TweetsViewController.xib */,
				B69F6F861A06FCCF00B27398 /* ComposeViewController.h */,
				B69F6F871A06FCCF00B27398 /* ComposeViewController.m */,
				B69F6F881A06FCCF00B27398 /* ComposeViewController.xib */,
				B69F6F8B1A06FE6400B27398 /* TweetViewCell.h */,
				B69F6F8C1A06FE6400B27398 /* TweetViewCell.m */,
				B69F6F8D1A06FE6400B27398 /* TweetViewCell.xib */,
				B69F6F901A07343900B27398 /* TweetsDetailViewController.h */,
				B69F6F911A07343900B27398 /* TweetsDetailViewController.m */,
			);
			path = TwitterCodepath;
			sourceTree = "<group>";
		};
		B64891E91A0307E500573C27 /* Supporting Files */ = {
			isa = PBXGroup;
			children = (
				B64891EA1A0307E500573C27 /* Info.plist */,
				B64891EB1A0307E500573C27 /* main.m */,
			);
			name = "Supporting Files";
			sourceTree = "<group>";
		};
		B64892021A0307E500573C27 /* TwitterCodepathTests */ = {
			isa = PBXGroup;
			children = (
				B64892051A0307E500573C27 /* TwitterCodepathTests.m */,
				B64892031A0307E500573C27 /* Supporting Files */,
			);
			path = TwitterCodepathTests;
			sourceTree = "<group>";
		};
		B64892031A0307E500573C27 /* Supporting Files */ = {
			isa = PBXGroup;
			children = (
				B64892041A0307E500573C27 /* Info.plist */,
			);
			name = "Supporting Files";
			sourceTree = "<group>";
		};
		B69F6F7A1A04361600B27398 /* Models */ = {
			isa = PBXGroup;
			children = (
				B69F6F7B1A0438C100B27398 /* Tweet.h */,
				B69F6F7C1A0438C100B27398 /* Tweet.m */,
				B69F6F7E1A0438CD00B27398 /* User.h */,
				B69F6F7F1A0438CD00B27398 /* User.m */,
			);
			name = Models;
			sourceTree = "<group>";
		};
/* End PBXGroup section */

/* Begin PBXNativeTarget section */
		B64891E51A0307E500573C27 /* TwitterCodepath */ = {
			isa = PBXNativeTarget;
			buildConfigurationList = B64892091A0307E500573C27 /* Build configuration list for PBXNativeTarget "TwitterCodepath" */;
			buildPhases = (
				64704E2BE09651B1F6E687E2 /* Check Pods Manifest.lock */,
				B64891E21A0307E500573C27 /* Sources */,
				B64891E31A0307E500573C27 /* Frameworks */,
				B64891E41A0307E500573C27 /* Resources */,
				AA0123DF34C740F12DC3C73D /* Copy Pods Resources */,
			);
			buildRules = (
			);
			dependencies = (
			);
			name = TwitterCodepath;
			productName = TwitterCodepath;
			productReference = B64891E61A0307E500573C27 /* TwitterCodepath.app */;
			productType = "com.apple.product-type.application";
		};
		B64891FE1A0307E500573C27 /* TwitterCodepathTests */ = {
			isa = PBXNativeTarget;
			buildConfigurationList = B648920C1A0307E500573C27 /* Build configuration list for PBXNativeTarget "TwitterCodepathTests" */;
			buildPhases = (
				B64891FB1A0307E500573C27 /* Sources */,
				B64891FC1A0307E500573C27 /* Frameworks */,
				B64891FD1A0307E500573C27 /* Resources */,
			);
			buildRules = (
			);
			dependencies = (
				B64892011A0307E500573C27 /* PBXTargetDependency */,
			);
			name = TwitterCodepathTests;
			productName = TwitterCodepathTests;
			productReference = B64891FF1A0307E500573C27 /* TwitterCodepathTests.xctest */;
			productType = "com.apple.product-type.bundle.unit-test";
		};
/* End PBXNativeTarget section */

/* Begin PBXProject section */
		B64891DE1A0307E500573C27 /* Project object */ = {
			isa = PBXProject;
			attributes = {
				LastUpgradeCheck = 0600;
				ORGANIZATIONNAME = Sarva;
				TargetAttributes = {
					B64891E51A0307E500573C27 = {
						CreatedOnToolsVersion = 6.0.1;
					};
					B64891FE1A0307E500573C27 = {
						CreatedOnToolsVersion = 6.0.1;
						TestTargetID = B64891E51A0307E500573C27;
					};
				};
			};
			buildConfigurationList = B64891E11A0307E500573C27 /* Build configuration list for PBXProject "TwitterCodepath" */;
			compatibilityVersion = "Xcode 3.2";
			developmentRegion = English;
			hasScannedForEncodings = 0;
			knownRegions = (
				en,
				Base,
			);
			mainGroup = B64891DD1A0307E500573C27;
			productRefGroup = B64891E71A0307E500573C27 /* Products */;
			projectDirPath = "";
			projectRoot = "";
			targets = (
				B64891E51A0307E500573C27 /* TwitterCodepath */,
				B64891FE1A0307E500573C27 /* TwitterCodepathTests */,
			);
		};
/* End PBXProject section */

/* Begin PBXResourcesBuildPhase section */
		B64891E41A0307E500573C27 /* Resources */ = {
			isa = PBXResourcesBuildPhase;
			buildActionMask = 2147483647;
			files = (
				B69F6F851A06AE0300B27398 /* TweetsViewController.xib in Resources */,
				B64891FA1A0307E500573C27 /* LaunchScreen.xib in Resources */,
				B69F6F8F1A06FE6400B27398 /* TweetViewCell.xib in Resources */,
				B64891F71A0307E500573C27 /* Images.xcassets in Resources */,
				B69F6F8A1A06FCCF00B27398 /* ComposeViewController.xib in Resources */,
				B64892131A030BA300573C27 /* LoginViewController.xib in Resources */,
			);
			runOnlyForDeploymentPostprocessing = 0;
		};
		B64891FD1A0307E500573C27 /* Resources */ = {
			isa = PBXResourcesBuildPhase;
			buildActionMask = 2147483647;
			files = (
			);
			runOnlyForDeploymentPostprocessing = 0;
		};
/* End PBXResourcesBuildPhase section */

/* Begin PBXShellScriptBuildPhase section */
		64704E2BE09651B1F6E687E2 /* Check Pods Manifest.lock */ = {
			isa = PBXShellScriptBuildPhase;
			buildActionMask = 2147483647;
			files = (
			);
			inputPaths = (
			);
			name = "Check Pods Manifest.lock";
			outputPaths = (
			);
			runOnlyForDeploymentPostprocessing = 0;
			shellPath = /bin/sh;
			shellScript = "diff \"${PODS_ROOT}/../Podfile.lock\" \"${PODS_ROOT}/Manifest.lock\" > /dev/null\nif [[ $? != 0 ]] ; then\n    cat << EOM\nerror: The sandbox is not in sync with the Podfile.lock. Run 'pod install' or update your CocoaPods installation.\nEOM\n    exit 1\nfi\n";
			showEnvVarsInLog = 0;
		};
		AA0123DF34C740F12DC3C73D /* Copy Pods Resources */ = {
			isa = PBXShellScriptBuildPhase;
			buildActionMask = 2147483647;
			files = (
			);
			inputPaths = (
			);
			name = "Copy Pods Resources";
			outputPaths = (
			);
			runOnlyForDeploymentPostprocessing = 0;
			shellPath = /bin/sh;
			shellScript = "\"${SRCROOT}/Pods/Target Support Files/Pods/Pods-resources.sh\"\n";
			showEnvVarsInLog = 0;
		};
/* End PBXShellScriptBuildPhase section */

/* Begin PBXSourcesBuildPhase section */
		B64891E21A0307E500573C27 /* Sources */ = {
			isa = PBXSourcesBuildPhase;
			buildActionMask = 2147483647;
			files = (
				B69F6F791A0411C000B27398 /* TwitterClient.m in Sources */,
				B64891EF1A0307E500573C27 /* AppDelegate.m in Sources */,
				B69F6F801A0438CD00B27398 /* User.m in Sources */,
				B69F6F7D1A0438C100B27398 /* Tweet.m in Sources */,
				B64891EC1A0307E500573C27 /* main.m in Sources */,
				B64892121A030BA300573C27 /* LoginViewController.m in Sources */,
				B69F6F841A06AE0300B27398 /* TweetsViewController.m in Sources */,
				B69F6F921A07343900B27398 /* TweetsDetailViewController.m in Sources */,
				B69F6F8E1A06FE6400B27398 /* TweetViewCell.m in Sources */,
				B69F6F891A06FCCF00B27398 /* ComposeViewController.m in Sources */,
			);
			runOnlyForDeploymentPostprocessing = 0;
		};
		B64891FB1A0307E500573C27 /* Sources */ = {
			isa = PBXSourcesBuildPhase;
			buildActionMask = 2147483647;
			files = (
				B64892061A0307E500573C27 /* TwitterCodepathTests.m in Sources */,
			);
			runOnlyForDeploymentPostprocessing = 0;
		};
/* End PBXSourcesBuildPhase section */

/* Begin PBXTargetDependency section */
		B64892011A0307E500573C27 /* PBXTargetDependency */ = {
			isa = PBXTargetDependency;
			target = B64891E51A0307E500573C27 /* TwitterCodepath */;
			targetProxy = B64892001A0307E500573C27 /* PBXContainerItemProxy */;
		};
/* End PBXTargetDependency section */

/* Begin PBXVariantGroup section */
		B64891F81A0307E500573C27 /* LaunchScreen.xib */ = {
			isa = PBXVariantGroup;
			children = (
				B64891F91A0307E500573C27 /* Base */,
			);
			name = LaunchScreen.xib;
			sourceTree = "<group>";
		};
/* End PBXVariantGroup section */

/* Begin XCBuildConfiguration section */
		B64892071A0307E500573C27 /* Debug */ = {
			isa = XCBuildConfiguration;
			buildSettings = {
				ALWAYS_SEARCH_USER_PATHS = NO;
				CLANG_CXX_LANGUAGE_STANDARD = "gnu++0x";
				CLANG_CXX_LIBRARY = "libc++";
				CLANG_ENABLE_MODULES = YES;
				CLANG_ENABLE_OBJC_ARC = YES;
				CLANG_WARN_BOOL_CONVERSION = YES;
				CLANG_WARN_CONSTANT_CONVERSION = YES;
				CLANG_WARN_DIRECT_OBJC_ISA_USAGE = YES_ERROR;
				CLANG_WARN_EMPTY_BODY = YES;
				CLANG_WARN_ENUM_CONVERSION = YES;
				CLANG_WARN_INT_CONVERSION = YES;
				CLANG_WARN_OBJC_ROOT_CLASS = YES_ERROR;
				CLANG_WARN_UNREACHABLE_CODE = YES;
				CLANG_WARN__DUPLICATE_METHOD_MATCH = YES;
				"CODE_SIGN_IDENTITY[sdk=iphoneos*]" = "iPhone Developer";
				COPY_PHASE_STRIP = NO;
				ENABLE_STRICT_OBJC_MSGSEND = YES;
				GCC_C_LANGUAGE_STANDARD = gnu99;
				GCC_DYNAMIC_NO_PIC = NO;
				GCC_OPTIMIZATION_LEVEL = 0;
				GCC_PREPROCESSOR_DEFINITIONS = (
					"DEBUG=1",
					"$(inherited)",
				);
				GCC_SYMBOLS_PRIVATE_EXTERN = NO;
				GCC_WARN_64_TO_32_BIT_CONVERSION = YES;
				GCC_WARN_ABOUT_RETURN_TYPE = YES_ERROR;
				GCC_WARN_UNDECLARED_SELECTOR = YES;
				GCC_WARN_UNINITIALIZED_AUTOS = YES_AGGRESSIVE;
				GCC_WARN_UNUSED_FUNCTION = YES;
				GCC_WARN_UNUSED_VARIABLE = YES;
				IPHONEOS_DEPLOYMENT_TARGET = 8.0;
				MTL_ENABLE_DEBUG_INFO = YES;
				ONLY_ACTIVE_ARCH = YES;
				SDKROOT = iphoneos;
			};
			name = Debug;
		};
		B64892081A0307E500573C27 /* Release */ = {
			isa = XCBuildConfiguration;
			buildSettings = {
				ALWAYS_SEARCH_USER_PATHS = NO;
				CLANG_CXX_LANGUAGE_STANDARD = "gnu++0x";
				CLANG_CXX_LIBRARY = "libc++";
				CLANG_ENABLE_MODULES = YES;
				CLANG_ENABLE_OBJC_ARC = YES;
				CLANG_WARN_BOOL_CONVERSION = YES;
				CLANG_WARN_CONSTANT_CONVERSION = YES;
				CLANG_WARN_DIRECT_OBJC_ISA_USAGE = YES_ERROR;
				CLANG_WARN_EMPTY_BODY = YES;
				CLANG_WARN_ENUM_CONVERSION = YES;
				CLANG_WARN_INT_CONVERSION = YES;
				CLANG_WARN_OBJC_ROOT_CLASS = YES_ERROR;
				CLANG_WARN_UNREACHABLE_CODE = YES;
				CLANG_WARN__DUPLICATE_METHOD_MATCH = YES;
				"CODE_SIGN_IDENTITY[sdk=iphoneos*]" = "iPhone Developer";
				COPY_PHASE_STRIP = YES;
				ENABLE_NS_ASSERTIONS = NO;
				ENABLE_STRICT_OBJC_MSGSEND = YES;
				GCC_C_LANGUAGE_STANDARD = gnu99;
				GCC_WARN_64_TO_32_BIT_CONVERSION = YES;
				GCC_WARN_ABOUT_RETURN_TYPE = YES_ERROR;
				GCC_WARN_UNDECLARED_SELECTOR = YES;
				GCC_WARN_UNINITIALIZED_AUTOS = YES_AGGRESSIVE;
				GCC_WARN_UNUSED_FUNCTION = YES;
				GCC_WARN_UNUSED_VARIABLE = YES;
				IPHONEOS_DEPLOYMENT_TARGET = 8.0;
				MTL_ENABLE_DEBUG_INFO = NO;
				SDKROOT = iphoneos;
				VALIDATE_PRODUCT = YES;
			};
			name = Release;
		};
		B648920A1A0307E500573C27 /* Debug */ = {
			isa = XCBuildConfiguration;
			baseConfigurationReference = B00FFC4C7CD85860BD9FD15F /* Pods.debug.xcconfig */;
			buildSettings = {
				ASSETCATALOG_COMPILER_APPICON_NAME = AppIcon;
				INFOPLIST_FILE = TwitterCodepath/Info.plist;
				LD_RUNPATH_SEARCH_PATHS = "$(inherited) @executable_path/Frameworks";
				PRODUCT_NAME = "$(TARGET_NAME)";
			};
			name = Debug;
		};
		B648920B1A0307E500573C27 /* Release */ = {
			isa = XCBuildConfiguration;
			baseConfigurationReference = 88543E1B45C77E4BCEB23DF7 /* Pods.release.xcconfig */;
			buildSettings = {
				ASSETCATALOG_COMPILER_APPICON_NAME = AppIcon;
				INFOPLIST_FILE = TwitterCodepath/Info.plist;
				LD_RUNPATH_SEARCH_PATHS = "$(inherited) @executable_path/Frameworks";
				PRODUCT_NAME = "$(TARGET_NAME)";
			};
			name = Release;
		};
		B648920D1A0307E500573C27 /* Debug */ = {
			isa = XCBuildConfiguration;
			buildSettings = {
				BUNDLE_LOADER = "$(TEST_HOST)";
				FRAMEWORK_SEARCH_PATHS = (
					"$(SDKROOT)/Developer/Library/Frameworks",
					"$(inherited)",
				);
				GCC_PREPROCESSOR_DEFINITIONS = (
					"DEBUG=1",
					"$(inherited)",
				);
				INFOPLIST_FILE = TwitterCodepathTests/Info.plist;
				LD_RUNPATH_SEARCH_PATHS = "$(inherited) @executable_path/Frameworks @loader_path/Frameworks";
				PRODUCT_NAME = "$(TARGET_NAME)";
				TEST_HOST = "$(BUILT_PRODUCTS_DIR)/TwitterCodepath.app/TwitterCodepath";
			};
			name = Debug;
		};
		B648920E1A0307E500573C27 /* Release */ = {
			isa = XCBuildConfiguration;
			buildSettings = {
				BUNDLE_LOADER = "$(TEST_HOST)";
				FRAMEWORK_SEARCH_PATHS = (
					"$(SDKROOT)/Developer/Library/Frameworks",
					"$(inherited)",
				);
				INFOPLIST_FILE = TwitterCodepathTests/Info.plist;
				LD_RUNPATH_SEARCH_PATHS = "$(inherited) @executable_path/Frameworks @loader_path/Frameworks";
				PRODUCT_NAME = "$(TARGET_NAME)";
				TEST_HOST = "$(BUILT_PRODUCTS_DIR)/TwitterCodepath.app/TwitterCodepath";
			};
			name = Release;
		};
/* End XCBuildConfiguration section */

/* Begin XCConfigurationList section */
		B64891E11A0307E500573C27 /* Build configuration list for PBXProject "TwitterCodepath" */ = {
			isa = XCConfigurationList;
			buildConfigurations = (
				B64892071A0307E500573C27 /* Debug */,
				B64892081A0307E500573C27 /* Release */,
			);
			defaultConfigurationIsVisible = 0;
			defaultConfigurationName = Release;
		};
		B64892091A0307E500573C27 /* Build configuration list for PBXNativeTarget "TwitterCodepath" */ = {
			isa = XCConfigurationList;
			buildConfigurations = (
				B648920A1A0307E500573C27 /* Debug */,
				B648920B1A0307E500573C27 /* Release */,
			);
			defaultConfigurationIsVisible = 0;
			defaultConfigurationName = Release;
		};
		B648920C1A0307E500573C27 /* Build configuration list for PBXNativeTarget "TwitterCodepathTests" */ = {
			isa = XCConfigurationList;
			buildConfigurations = (
				B648920D1A0307E500573C27 /* Debug */,
				B648920E1A0307E500573C27 /* Release */,
			);
			defaultConfigurationIsVisible = 0;
			defaultConfigurationName = Release;
		};
/* End XCConfigurationList section */
	};
	rootObject = B64891DE1A0307E500573C27 /* Project object */;
}
